{
  "name": "islands",
  "version": "1.0.0",
  "lockfileVersion": 3,
  "requires": true,
  "packages": {
    "": {
      "name": "islands",
      "version": "1.0.0",
      "license": "GPL-2.0-or-later",
      "dependencies": {
        "@11ty/is-land": "^4.0.0"
      }
    },
    "node_modules/@11ty/is-land": {
      "version": "4.0.0",
      "resolved": "https://registry.npmjs.org/@11ty/is-land/-/is-land-4.0.0.tgz",
      "integrity": "sha512-RxbjF2+FzSu3rerHrWLRsvsPX2YM47RwXpdWCCzLhwRSsz5sJe9TnK7mphEld1gZnp2GeD5ByvhqjIc4CqidsQ==",
      "funding": {
        "type": "opencollective",
        "url": "https://opencollective.com/11ty"
      }
    }
  }
}
